
Microsoft Visual Studio Solution File, Format Version 12.00
# Visual Studio Version 17
VisualStudioVersion = 17.6.33829.357
MinimumVisualStudioVersion = 10.0.40219.1
Project("{9A19103F-16F7-4668-BE54-9A1E7A4F7556}") = "Solving_Matrix_or_Linear_Equation_Windows_Form", "Solving_Matrix_or_Linear_Equation_Windows_Form.csproj", "{DF6F73A3-F20E-413D-B49E-65A295D54DFC}"
EndProject
Global
	GlobalSection(SolutionConfigurationPlatforms) = preSolution
		Debug|Any CPU = Debug|Any CPU
		Release|Any CPU = Release|Any CPU
	EndGlobalSection
	GlobalSection(ProjectConfigurationPlatforms) = postSolution
		{DF6F73A3-F20E-413D-B49E-65A295D54DFC}.Debug|Any CPU.ActiveCfg = Debug|Any CPU
		{DF6F73A3-F20E-413D-B49E-65A295D54DFC}.Debug|Any CPU.Build.0 = Debug|Any CPU
		{DF6F73A3-F20E-413D-B49E-65A295D54DFC}.Release|Any CPU.ActiveCfg = Release|Any CPU
		{DF6F73A3-F20E-413D-B49E-65A295D54DFC}.Release|Any CPU.Build.0 = Release|Any CPU
	EndGlobalSection
	GlobalSection(SolutionProperties) = preSolution
		HideSolutionNode = FALSE
	EndGlobalSection
	GlobalSection(ExtensibilityGlobals) = postSolution
		SolutionGuid = {AB2AC3C2-E629-4D63-A74E-D47BE5F84533}
	EndGlobalSection
EndGlobal
